
Microsoft Visual Studio Solution File, Format Version 12.00
# Visual Studio Version 17
VisualStudioVersion = 17.10.35027.167
MinimumVisualStudioVersion = 10.0.40219.1
Project("{FAE04EC0-301F-11D3-BF4B-00C04F79EFBC}") = "ConsoleApp28", "ConsoleApp28.csproj", "{39DAA5E4-44DD-4E39-9DCF-01C09CC78D38}"
EndProject
Global
	GlobalSection(SolutionConfigurationPlatforms) = preSolution
		Debug|Any CPU = Debug|Any CPU
		Release|Any CPU = Release|Any CPU
	EndGlobalSection
	GlobalSection(ProjectConfigurationPlatforms) = postSolution
		{39DAA5E4-44DD-4E39-9DCF-01C09CC78D38}.Debug|Any CPU.ActiveCfg = Debug|Any CPU
		{39DAA5E4-44DD-4E39-9DCF-01C09CC78D38}.Debug|Any CPU.Build.0 = Debug|Any CPU
		{39DAA5E4-44DD-4E39-9DCF-01C09CC78D38}.Release|Any CPU.ActiveCfg = Release|Any CPU
		{39DAA5E4-44DD-4E39-9DCF-01C09CC78D38}.Release|Any CPU.Build.0 = Release|Any CPU
	EndGlobalSection
	GlobalSection(SolutionProperties) = preSolution
		HideSolutionNode = FALSE
	EndGlobalSection
	GlobalSection(ExtensibilityGlobals) = postSolution
		SolutionGuid = {DF4D5366-1279-42D4-AE43-43C5481608DD}
	EndGlobalSection
EndGlobal
